PODS:
  - Flutter (1.0.0)
  - FlutterPluginRegistrant (0.0.1):
    - Flutter

DEPENDENCIES:
  - Flutter (from `quizzler_flutter_3/.ios/Flutter`)
  - FlutterPluginRegistrant (from `quizzler_flutter_3/.ios/Flutter/FlutterPluginRegistrant`)

EXTERNAL SOURCES:
  Flutter:
    :path: quizzler_flutter_3/.ios/Flutter
  FlutterPluginRegistrant:
    :path: quizzler_flutter_3/.ios/Flutter/FlutterPluginRegistrant

SPEC CHECKSUMS:
  Flutter: f04841e97a9d0b0a8025694d0796dd46242b2854
  FlutterPluginRegistrant: 58acfb6cb31ee4ca14f920aba101815efda113ee

PODFILE CHECKSUM: e39c9677b57662ca099c9a129852d95a52cfa90f

COCOAPODS: 1.12.1
